<?xml version="1.0" encoding="UTF-8" standalone="yes" ?>
<CodeBlocks_project_file>
	<FileVersion major="1" minor="6" />
	<Project>
		<Option title="GetGameLib" />
		<Option pch_mode="2" />
		<Option compiler="gcc" />
		<Build>
			<Target title="Debug">
				<Option output="bin/Debug/GetGameLib" prefix_auto="1" extension_auto="1" />
				<Option object_output="obj/Debug/" />
				<Option type="1" />
				<Option compiler="gcc" />
				<Option use_console_runner="0" />
				<Compiler>
					<Add option="-g" />
				</Compiler>
				<Linker>
					<Add library="sfml-graphics-s-d" />
					<Add library="sfml-window-s-d" />
					<Add library="sfml-system-s-d" />
					<Add library="opengl32" />
					<Add library="winmm" />
					<Add library="gdi32" />
					<Add library="freetype" />
				</Linker>
			</Target>
			<Target title="Release">
				<Option output="bin/Release/GetGameLib" prefix_auto="1" extension_auto="1" />
				<Option object_output="obj/Release/" />
				<Option type="1" />
				<Option compiler="gcc" />
				<Compiler>
					<Add option="-O2" />
				</Compiler>
				<Linker>
					<Add option="-s" />
				</Linker>
			</Target>
		</Build>
		<Compiler>
			<Add option="-Wall" />
			<Add option="-fexceptions" />
		</Compiler>
		<Unit filename="Animacao.cpp" />
		<Unit filename="Animacao.h" />
		<Unit filename="Base.cpp" />
		<Unit filename="Base.h" />
		<Unit filename="Camera.cpp" />
		<Unit filename="Camera.h" />
		<Unit filename="Dados.cpp" />
		<Unit filename="Dados.h" />
		<Unit filename="Dados2.cpp" />
		<Unit filename="Dados2.h" />
		<Unit filename="GerenciadorInput.cpp" />
		<Unit filename="GerenciadorInput.h" />
		<Unit filename="GetGame.cpp" />
		<Unit filename="GetGame.h" />
		<Unit filename="Instancia.cpp" />
		<Unit filename="Instancia.h" />
		<Unit filename="Janela.cpp" />
		<Unit filename="Janela.h" />
		<Unit filename="Level.cpp" />
		<Unit filename="Level.h" />
		<Unit filename="main.cpp" />
		<Extensions>
			<code_completion />
			<envvars />
			<debugger />
			<lib_finder disable_auto="1" />
		</Extensions>
	</Project>
</CodeBlocks_project_file>
